
Microsoft Visual Studio Solution File, Format Version 12.00
# Visual Studio Version 17
VisualStudioVersion = 17.5.33424.131
MinimumVisualStudioVersion = 10.0.40219.1
Project("{9A19103F-16F7-4668-BE54-9A1E7A4F7556}") = "Users.Api", "Users.Api\Users.Api.csproj", "{1F342EA2-E7B1-4E53-AB93-9C62288D3FB0}"
EndProject
Project("{9A19103F-16F7-4668-BE54-9A1E7A4F7556}") = "Users.UnitTests", "Users.Test\Users.UnitTests.csproj", "{42E696E9-2672-4B91-AD96-353A69F7219C}"
EndProject
Project("{9A19103F-16F7-4668-BE54-9A1E7A4F7556}") = "ApplicationCore", "ApplicationCore\ApplicationCore.csproj", "{759A59B0-D778-4990-BB74-6CFBAC12F80E}"
EndProject
Project("{9A19103F-16F7-4668-BE54-9A1E7A4F7556}") = "Infrastructure", "Infrastructure\Infrastructure.csproj", "{ECA24B96-7D01-4281-ADBF-7184AFD39F2E}"
EndProject
Project("{2150E333-8FDC-42A3-9474-1A3956D46DE8}") = "src", "src", "{7A1C3D0F-875B-4C77-8C05-E66E066D670C}"
EndProject
Project("{2150E333-8FDC-42A3-9474-1A3956D46DE8}") = "tests", "tests", "{62243051-9BA6-4701-AD9F-29BC06A80458}"
EndProject
Project("{E53339B2-1760-4266-BCC7-CA923CBCF16C}") = "docker-compose", "docker-compose.dcproj", "{6CD3EB22-2B30-4E84-8543-784CAD116F4A}"
EndProject
Project("{9A19103F-16F7-4668-BE54-9A1E7A4F7556}") = "Users.IntegrationTests", "Users.IntegrationTests\Users.IntegrationTests.csproj", "{9EC9D076-4F08-409B-B662-CDAF163C3A49}"
EndProject
Global
	GlobalSection(SolutionConfigurationPlatforms) = preSolution
		Debug|Any CPU = Debug|Any CPU
		Release|Any CPU = Release|Any CPU
	EndGlobalSection
	GlobalSection(ProjectConfigurationPlatforms) = postSolution
		{1F342EA2-E7B1-4E53-AB93-9C62288D3FB0}.Debug|Any CPU.ActiveCfg = Debug|Any CPU
		{1F342EA2-E7B1-4E53-AB93-9C62288D3FB0}.Debug|Any CPU.Build.0 = Debug|Any CPU
		{1F342EA2-E7B1-4E53-AB93-9C62288D3FB0}.Release|Any CPU.ActiveCfg = Release|Any CPU
		{1F342EA2-E7B1-4E53-AB93-9C62288D3FB0}.Release|Any CPU.Build.0 = Release|Any CPU
		{42E696E9-2672-4B91-AD96-353A69F7219C}.Debug|Any CPU.ActiveCfg = Debug|Any CPU
		{42E696E9-2672-4B91-AD96-353A69F7219C}.Debug|Any CPU.Build.0 = Debug|Any CPU
		{42E696E9-2672-4B91-AD96-353A69F7219C}.Release|Any CPU.ActiveCfg = Release|Any CPU
		{42E696E9-2672-4B91-AD96-353A69F7219C}.Release|Any CPU.Build.0 = Release|Any CPU
		{759A59B0-D778-4990-BB74-6CFBAC12F80E}.Debug|Any CPU.ActiveCfg = Debug|Any CPU
		{759A59B0-D778-4990-BB74-6CFBAC12F80E}.Debug|Any CPU.Build.0 = Debug|Any CPU
		{759A59B0-D778-4990-BB74-6CFBAC12F80E}.Release|Any CPU.ActiveCfg = Release|Any CPU
		{759A59B0-D778-4990-BB74-6CFBAC12F80E}.Release|Any CPU.Build.0 = Release|Any CPU
		{ECA24B96-7D01-4281-ADBF-7184AFD39F2E}.Debug|Any CPU.ActiveCfg = Debug|Any CPU
		{ECA24B96-7D01-4281-ADBF-7184AFD39F2E}.Debug|Any CPU.Build.0 = Debug|Any CPU
		{ECA24B96-7D01-4281-ADBF-7184AFD39F2E}.Release|Any CPU.ActiveCfg = Release|Any CPU
		{ECA24B96-7D01-4281-ADBF-7184AFD39F2E}.Release|Any CPU.Build.0 = Release|Any CPU
		{6CD3EB22-2B30-4E84-8543-784CAD116F4A}.Debug|Any CPU.ActiveCfg = Debug|Any CPU
		{6CD3EB22-2B30-4E84-8543-784CAD116F4A}.Debug|Any CPU.Build.0 = Debug|Any CPU
		{6CD3EB22-2B30-4E84-8543-784CAD116F4A}.Release|Any CPU.ActiveCfg = Release|Any CPU
		{6CD3EB22-2B30-4E84-8543-784CAD116F4A}.Release|Any CPU.Build.0 = Release|Any CPU
		{9EC9D076-4F08-409B-B662-CDAF163C3A49}.Debug|Any CPU.ActiveCfg = Debug|Any CPU
		{9EC9D076-4F08-409B-B662-CDAF163C3A49}.Debug|Any CPU.Build.0 = Debug|Any CPU
		{9EC9D076-4F08-409B-B662-CDAF163C3A49}.Release|Any CPU.ActiveCfg = Release|Any CPU
		{9EC9D076-4F08-409B-B662-CDAF163C3A49}.Release|Any CPU.Build.0 = Release|Any CPU
	EndGlobalSection
	GlobalSection(SolutionProperties) = preSolution
		HideSolutionNode = FALSE
	EndGlobalSection
	GlobalSection(NestedProjects) = preSolution
		{1F342EA2-E7B1-4E53-AB93-9C62288D3FB0} = {7A1C3D0F-875B-4C77-8C05-E66E066D670C}
		{42E696E9-2672-4B91-AD96-353A69F7219C} = {62243051-9BA6-4701-AD9F-29BC06A80458}
		{759A59B0-D778-4990-BB74-6CFBAC12F80E} = {7A1C3D0F-875B-4C77-8C05-E66E066D670C}
		{ECA24B96-7D01-4281-ADBF-7184AFD39F2E} = {7A1C3D0F-875B-4C77-8C05-E66E066D670C}
		{9EC9D076-4F08-409B-B662-CDAF163C3A49} = {62243051-9BA6-4701-AD9F-29BC06A80458}
	EndGlobalSection
	GlobalSection(ExtensibilityGlobals) = postSolution
		SolutionGuid = {A2A05765-05B9-484D-8D3D-506849EB716F}
	EndGlobalSection
EndGlobal
